// !$*UTF8*$!
{
	archiveVersion = 1;
	classes = {
	};
	objectVersion = 46;
	objects = {

/* Begin PBXBuildFile section */
		4E2A59CA1C2E8FCD00AE35A4 /* Main.storyboard in Resources */ = {isa = PBXBuildFile; fileRef = 4E2A59C81C2E8FCD00AE35A4 /* Main.storyboard */; };
		4E2A59CF1C2E8FCD00AE35A4 /* Assets.xcassets in Resources */ = {isa = PBXBuildFile; fileRef = 4E2A59CE1C2E8FCD00AE35A4 /* Assets.xcassets */; };
		4E2A59D21C2E8FCD00AE35A4 /* LaunchScreen.storyboard in Resources */ = {isa = PBXBuildFile; fileRef = 4E2A59D01C2E8FCD00AE35A4 /* LaunchScreen.storyboard */; };
		4EBFF98A1C2E99E80017E82D /* PhotoViewController.swift in Sources */ = {isa = PBXBuildFile; fileRef = 4EBFF9891C2E99E80017E82D /* PhotoViewController.swift */; };
		4EBFF9911C2E9AAA0017E82D /* PhotoGallery.xcdatamodel in Sources */ = {isa = PBXBuildFile; fileRef = 4EBFF9901C2E9AAA0017E82D /* PhotoGallery.xcdatamodel */; };
		4EBFF9941C2E9B1B0017E82D /* CustomFlickerCell.swift in Sources */ = {isa = PBXBuildFile; fileRef = 4EBFF9931C2E9B1B0017E82D /* CustomFlickerCell.swift */; };
		4EBFF9961C2E9B710017E82D /* AppDelegate.swift in Sources */ = {isa = PBXBuildFile; fileRef = 4EBFF9951C2E9B710017E82D /* AppDelegate.swift */; };
		4EBFF99C1C2ED1E20017E82D /* Place.swift in Sources */ = {isa = PBXBuildFile; fileRef = 4EBFF99B1C2ED1E20017E82D /* Place.swift */; };
		4EBFF99E1C2ED2640017E82D /* Photo.swift in Sources */ = {isa = PBXBuildFile; fileRef = 4EBFF99D1C2ED2640017E82D /* Photo.swift */; };
		4EBFF9A91C2EDE050017E82D /* APIError.swift in Sources */ = {isa = PBXBuildFile; fileRef = 4EBFF9A51C2EDE050017E82D /* APIError.swift */; };
		4EBFF9AC1C2EDE050017E82D /* RequestRouter.swift in Sources */ = {isa = PBXBuildFile; fileRef = 4EBFF9A81C2EDE050017E82D /* RequestRouter.swift */; };
		4EBFF9B21C2F16790017E82D /* PreviewViewController.swift in Sources */ = {isa = PBXBuildFile; fileRef = 4EBFF9B11C2F16790017E82D /* PreviewViewController.swift */; };
		4EBFF9B41C2FD65A0017E82D /* Paginator.swift in Sources */ = {isa = PBXBuildFile; fileRef = 4EBFF9B31C2FD65A0017E82D /* Paginator.swift */; };
		4EBFF9B71C2FE2490017E82D /* CoreLocation.framework in Frameworks */ = {isa = PBXBuildFile; fileRef = 4EBFF9B61C2FE2490017E82D /* CoreLocation.framework */; };
		4EBFF9B91C2FE29A0017E82D /* LocationHandler.swift in Sources */ = {isa = PBXBuildFile; fileRef = 4EBFF9B81C2FE29A0017E82D /* LocationHandler.swift */; };
		4EBFF9BB1C30EC8B0017E82D /* Reachability.swift in Sources */ = {isa = PBXBuildFile; fileRef = 4EBFF9BA1C30EC8B0017E82D /* Reachability.swift */; };
		DACDADD669CECA68333FC892 /* Pods.framework in Frameworks */ = {isa = PBXBuildFile; fileRef = C0C9411FD0406B994E784E83 /* Pods.framework */; };
/* End PBXBuildFile section */

/* Begin PBXFileReference section */
		04FD5C0AF278CB6FC95DEB36 /* Pods.debug.xcconfig */ = {isa = PBXFileReference; includeInIndex = 1; lastKnownFileType = text.xcconfig; name = Pods.debug.xcconfig; path = "Pods/Target Support Files/Pods/Pods.debug.xcconfig"; sourceTree = "<group>"; };
		4E2A59C11C2E8FCC00AE35A4 /* PhotoGallery.app */ = {isa = PBXFileReference; explicitFileType = wrapper.application; includeInIndex = 0; path = PhotoGallery.app; sourceTree = BUILT_PRODUCTS_DIR; };
		4E2A59C91C2E8FCD00AE35A4 /* Base */ = {isa = PBXFileReference; lastKnownFileType = file.storyboard; name = Base; path = Base.lproj/Main.storyboard; sourceTree = "<group>"; };
		4E2A59CE1C2E8FCD00AE35A4 /* Assets.xcassets */ = {isa = PBXFileReference; lastKnownFileType = folder.assetcatalog; path = Assets.xcassets; sourceTree = "<group>"; };
		4E2A59D11C2E8FCD00AE35A4 /* Base */ = {isa = PBXFileReference; lastKnownFileType = file.storyboard; name = Base; path = Base.lproj/LaunchScreen.storyboard; sourceTree = "<group>"; };
		4E2A59D31C2E8FCD00AE35A4 /* Info.plist */ = {isa = PBXFileReference; lastKnownFileType = text.plist.xml; path = Info.plist; sourceTree = "<group>"; };
		4EBFF9891C2E99E80017E82D /* PhotoViewController.swift */ = {isa = PBXFileReference; fileEncoding = 4; lastKnownFileType = sourcecode.swift; name = PhotoViewController.swift; path = "View Controllers/PhotoViewController.swift"; sourceTree = "<group>"; };
		4EBFF9901C2E9AAA0017E82D /* PhotoGallery.xcdatamodel */ = {isa = PBXFileReference; lastKnownFileType = wrapper.xcdatamodel; name = PhotoGallery.xcdatamodel; path = Model/PhotoGallery.xcdatamodel; sourceTree = "<group>"; };
		4EBFF9931C2E9B1B0017E82D /* CustomFlickerCell.swift */ = {isa = PBXFileReference; fileEncoding = 4; lastKnownFileType = sourcecode.swift; name = CustomFlickerCell.swift; path = PhotoGallery/CustomViews/CustomFlickerCell.swift; sourceTree = "<group>"; };
		4EBFF9951C2E9B710017E82D /* AppDelegate.swift */ = {isa = PBXFileReference; fileEncoding = 4; lastKnownFileType = sourcecode.swift; name = AppDelegate.swift; path = "AppDelegate Files/AppDelegate.swift"; sourceTree = "<group>"; };
		4EBFF99B1C2ED1E20017E82D /* Place.swift */ = {isa = PBXFileReference; fileEncoding = 4; lastKnownFileType = sourcecode.swift; name = Place.swift; path = Model/Place.swift; sourceTree = "<group>"; };
		4EBFF99D1C2ED2640017E82D /* Photo.swift */ = {isa = PBXFileReference; fileEncoding = 4; lastKnownFileType = sourcecode.swift; name = Photo.swift; path = Model/Photo.swift; sourceTree = "<group>"; };
		4EBFF9A51C2EDE050017E82D /* APIError.swift */ = {isa = PBXFileReference; fileEncoding = 4; lastKnownFileType = sourcecode.swift; name = APIError.swift; path = API/APIError.swift; sourceTree = "<group>"; };
		4EBFF9A81C2EDE050017E82D /* RequestRouter.swift */ = {isa = PBXFileReference; fileEncoding = 4; lastKnownFileType = sourcecode.swift; name = RequestRouter.swift; path = API/RequestRouter.swift; sourceTree = "<group>"; };
		4EBFF9B11C2F16790017E82D /* PreviewViewController.swift */ = {isa = PBXFileReference; fileEncoding = 4; lastKnownFileType = sourcecode.swift; name = PreviewViewController.swift; path = "View Controllers/PreviewViewController.swift"; sourceTree = "<group>"; };
		4EBFF9B31C2FD65A0017E82D /* Paginator.swift */ = {isa = PBXFileReference; fileEncoding = 4; lastKnownFileType = sourcecode.swift; name = Paginator.swift; path = Utility/Paginator.swift; sourceTree = "<group>"; };
		4EBFF9B61C2FE2490017E82D /* CoreLocation.framework */ = {isa = PBXFileReference; lastKnownFileType = wrapper.framework; name = CoreLocation.framework; path = System/Library/Frameworks/CoreLocation.framework; sourceTree = SDKROOT; };
		4EBFF9B81C2FE29A0017E82D /* LocationHandler.swift */ = {isa = PBXFileReference; fileEncoding = 4; lastKnownFileType = sourcecode.swift; name = LocationHandler.swift; path = Utility/LocationHandler.swift; sourceTree = "<group>"; };
		4EBFF9BA1C30EC8B0017E82D /* Reachability.swift */ = {isa = PBXFileReference; fileEncoding = 4; lastKnownFileType = sourcecode.swift; name = Reachability.swift; path = Utility/Reachability.swift; sourceTree = "<group>"; };
		C0C9411FD0406B994E784E83 /* Pods.framework */ = {isa = PBXFileReference; explicitFileType = wrapper.framework; includeInIndex = 0; path = Pods.framework; sourceTree = BUILT_PRODUCTS_DIR; };
		E6878EAB919384D817E7D439 /* Pods.release.xcconfig */ = {isa = PBXFileReference; includeInIndex = 1; lastKnownFileType = text.xcconfig; name = Pods.release.xcconfig; path = "Pods/Target Support Files/Pods/Pods.release.xcconfig"; sourceTree = "<group>"; };
/* End PBXFileReference section */

/* Begin PBXFrameworksBuildPhase section */
		4E2A59BE1C2E8FCC00AE35A4 /* Frameworks */ = {
			isa = PBXFrameworksBuildPhase;
			buildActionMask = 2147483647;
			files = (
				4EBFF9B71C2FE2490017E82D /* CoreLocation.framework in Frameworks */,
				DACDADD669CECA68333FC892 /* Pods.framework in Frameworks */,
			);
			runOnlyForDeploymentPostprocessing = 0;
		};
/* End PBXFrameworksBuildPhase section */

/* Begin PBXGroup section */
		49E7F59CDFBB7AC57AC5A2A9 /* Frameworks */ = {
			isa = PBXGroup;
			children = (
				4EBFF9B61C2FE2490017E82D /* CoreLocation.framework */,
				C0C9411FD0406B994E784E83 /* Pods.framework */,
			);
			name = Frameworks;
			sourceTree = "<group>";
		};
		4E2A59B81C2E8FCC00AE35A4 = {
			isa = PBXGroup;
			children = (
				4E2A59C31C2E8FCC00AE35A4 /* PhotoGallery */,
				4E2A59C21C2E8FCC00AE35A4 /* Products */,
				73A2CB982DB542D1B92B7920 /* Pods */,
				49E7F59CDFBB7AC57AC5A2A9 /* Frameworks */,
			);
			sourceTree = "<group>";
		};
		4E2A59C21C2E8FCC00AE35A4 /* Products */ = {
			isa = PBXGroup;
			children = (
				4E2A59C11C2E8FCC00AE35A4 /* PhotoGallery.app */,
			);
			name = Products;
			sourceTree = "<group>";
		};
		4E2A59C31C2E8FCC00AE35A4 /* PhotoGallery */ = {
			isa = PBXGroup;
			children = (
				4EBFF9761C2E968D0017E82D /* AppDelegate */,
				4EBFF9771C2E96B50017E82D /* View Controllers */,
				4EBFF9781C2E96D90017E82D /* Storyboards And Views */,
				4EBFF9791C2E97390017E82D /* Models */,
				4EBFF97B1C2E97870017E82D /* Third Party */,
				4EBFF97C1C2E97A50017E82D /* Utility */,
				4EBFF9751C2E91B10017E82D /* API */,
				4EBFF97D1C2E97B60017E82D /* Custom Views */,
				4EBFF97A1C2E97620017E82D /* Supporting Files */,
			);
			path = PhotoGallery;
			sourceTree = "<group>";
		};
		4EBFF9751C2E91B10017E82D /* API */ = {
			isa = PBXGroup;
			children = (
				4EBFF9A51C2EDE050017E82D /* APIError.swift */,
				4EBFF9A81C2EDE050017E82D /* RequestRouter.swift */,
			);
			name = API;
			sourceTree = "<group>";
		};
		4EBFF9761C2E968D0017E82D /* AppDelegate */ = {
			isa = PBXGroup;
			children = (
				4EBFF9951C2E9B710017E82D /* AppDelegate.swift */,
			);
			name = AppDelegate;
			sourceTree = "<group>";
		};
		4EBFF9771C2E96B50017E82D /* View Controllers */ = {
			isa = PBXGroup;
			children = (
				4EBFF9B11C2F16790017E82D /* PreviewViewController.swift */,
				4EBFF9891C2E99E80017E82D /* PhotoViewController.swift */,
			);
			name = "View Controllers";
			sourceTree = "<group>";
		};
		4EBFF9781C2E96D90017E82D /* Storyboards And Views */ = {
			isa = PBXGroup;
			children = (
				4E2A59C81C2E8FCD00AE35A4 /* Main.storyboard */,
				4E2A59D01C2E8FCD00AE35A4 /* LaunchScreen.storyboard */,
			);
			name = "Storyboards And Views";
			sourceTree = "<group>";
		};
		4EBFF9791C2E97390017E82D /* Models */ = {
			isa = PBXGroup;
			children = (
				4EBFF9901C2E9AAA0017E82D /* PhotoGallery.xcdatamodel */,
				4EBFF99B1C2ED1E20017E82D /* Place.swift */,
				4EBFF99D1C2ED2640017E82D /* Photo.swift */,
			);
			name = Models;
			sourceTree = "<group>";
		};
		4EBFF97A1C2E97620017E82D /* Supporting Files */ = {
			isa = PBXGroup;
			children = (
				4E2A59D31C2E8FCD00AE35A4 /* Info.plist */,
				4E2A59CE1C2E8FCD00AE35A4 /* Assets.xcassets */,
			);
			name = "Supporting Files";
			sourceTree = "<group>";
		};
		4EBFF97B1C2E97870017E82D /* Third Party */ = {
			isa = PBXGroup;
			children = (
			);
			name = "Third Party";
			sourceTree = "<group>";
		};
		4EBFF97C1C2E97A50017E82D /* Utility */ = {
			isa = PBXGroup;
			children = (
				4EBFF9B31C2FD65A0017E82D /* Paginator.swift */,
				4EBFF9BA1C30EC8B0017E82D /* Reachability.swift */,
				4EBFF9B81C2FE29A0017E82D /* LocationHandler.swift */,
			);
			name = Utility;
			sourceTree = "<group>";
		};
		4EBFF97D1C2E97B60017E82D /* Custom Views */ = {
			isa = PBXGroup;
			children = (
				4EBFF9931C2E9B1B0017E82D /* CustomFlickerCell.swift */,
			);
			name = "Custom Views";
			path = ..;
			sourceTree = "<group>";
		};
		73A2CB982DB542D1B92B7920 /* Pods */ = {
			isa = PBXGroup;
			children = (
				04FD5C0AF278CB6FC95DEB36 /* Pods.debug.xcconfig */,
				E6878EAB919384D817E7D439 /* Pods.release.xcconfig */,
			);
			name = Pods;
			sourceTree = "<group>";
		};
/* End PBXGroup section */

/* Begin PBXNativeTarget section */
		4E2A59C01C2E8FCC00AE35A4 /* PhotoGallery */ = {
			isa = PBXNativeTarget;
			buildConfigurationList = 4E2A59D61C2E8FCD00AE35A4 /* Build configuration list for PBXNativeTarget "PhotoGallery" */;
			buildPhases = (
				D410D6DFB93F122F218C8F75 /* Check Pods Manifest.lock */,
				4E2A59BD1C2E8FCC00AE35A4 /* Sources */,
				4E2A59BE1C2E8FCC00AE35A4 /* Frameworks */,
				4E2A59BF1C2E8FCC00AE35A4 /* Resources */,
				E688B1DEBE923B41207C6EB3 /* Embed Pods Frameworks */,
				7A64CA3C9AD471483BB1FA5A /* Copy Pods Resources */,
			);
			buildRules = (
			);
			dependencies = (
			);
			name = PhotoGallery;
			productName = PhotoGallery;
			productReference = 4E2A59C11C2E8FCC00AE35A4 /* PhotoGallery.app */;
			productType = "com.apple.product-type.application";
		};
/* End PBXNativeTarget section */

/* Begin PBXProject section */
		4E2A59B91C2E8FCC00AE35A4 /* Project object */ = {
			isa = PBXProject;
			attributes = {
				LastSwiftUpdateCheck = 0710;
				LastUpgradeCheck = 0710;
				ORGANIZATIONNAME = Ashu.com;
				TargetAttributes = {
					4E2A59C01C2E8FCC00AE35A4 = {
						CreatedOnToolsVersion = 7.1;
					};
				};
			};
			buildConfigurationList = 4E2A59BC1C2E8FCC00AE35A4 /* Build configuration list for PBXProject "PhotoGallery" */;
			compatibilityVersion = "Xcode 3.2";
			developmentRegion = English;
			hasScannedForEncodings = 0;
			knownRegions = (
				en,
				Base,
			);
			mainGroup = 4E2A59B81C2E8FCC00AE35A4;
			productRefGroup = 4E2A59C21C2E8FCC00AE35A4 /* Products */;
			projectDirPath = "";
			projectRoot = "";
			targets = (
				4E2A59C01C2E8FCC00AE35A4 /* PhotoGallery */,
			);
		};
/* End PBXProject section */

/* Begin PBXResourcesBuildPhase section */
		4E2A59BF1C2E8FCC00AE35A4 /* Resources */ = {
			isa = PBXResourcesBuildPhase;
			buildActionMask = 2147483647;
			files = (
				4E2A59D21C2E8FCD00AE35A4 /* LaunchScreen.storyboard in Resources */,
				4E2A59CF1C2E8FCD00AE35A4 /* Assets.xcassets in Resources */,
				4E2A59CA1C2E8FCD00AE35A4 /* Main.storyboard in Resources */,
			);
			runOnlyForDeploymentPostprocessing = 0;
		};
/* End PBXResourcesBuildPhase section */

/* Begin PBXShellScriptBuildPhase section */
		7A64CA3C9AD471483BB1FA5A /* Copy Pods Resources */ = {
			isa = PBXShellScriptBuildPhase;
			buildActionMask = 2147483647;
			files = (
			);
			inputPaths = (
			);
			name = "Copy Pods Resources";
			outputPaths = (
			);
			runOnlyForDeploymentPostprocessing = 0;
			shellPath = /bin/sh;
			shellScript = "\"${SRCROOT}/Pods/Target Support Files/Pods/Pods-resources.sh\"\n";
			showEnvVarsInLog = 0;
		};
		D410D6DFB93F122F218C8F75 /* Check Pods Manifest.lock */ = {
			isa = PBXShellScriptBuildPhase;
			buildActionMask = 2147483647;
			files = (
			);
			inputPaths = (
			);
			name = "Check Pods Manifest.lock";
			outputPaths = (
			);
			runOnlyForDeploymentPostprocessing = 0;
			shellPath = /bin/sh;
			shellScript = "diff \"${PODS_ROOT}/../Podfile.lock\" \"${PODS_ROOT}/Manifest.lock\" > /dev/null\nif [[ $? != 0 ]] ; then\n    cat << EOM\nerror: The sandbox is not in sync with the Podfile.lock. Run 'pod install' or update your CocoaPods installation.\nEOM\n    exit 1\nfi\n";
			showEnvVarsInLog = 0;
		};
		E688B1DEBE923B41207C6EB3 /* Embed Pods Frameworks */ = {
			isa = PBXShellScriptBuildPhase;
			buildActionMask = 2147483647;
			files = (
			);
			inputPaths = (
			);
			name = "Embed Pods Frameworks";
			outputPaths = (
			);
			runOnlyForDeploymentPostprocessing = 0;
			shellPath = /bin/sh;
			shellScript = "\"${SRCROOT}/Pods/Target Support Files/Pods/Pods-frameworks.sh\"\n";
			showEnvVarsInLog = 0;
		};
/* End PBXShellScriptBuildPhase section */

/* Begin PBXSourcesBuildPhase section */
		4E2A59BD1C2E8FCC00AE35A4 /* Sources */ = {
			isa = PBXSourcesBuildPhase;
			buildActionMask = 2147483647;
			files = (
				4EBFF9961C2E9B710017E82D /* AppDelegate.swift in Sources */,
				4EBFF9B41C2FD65A0017E82D /* Paginator.swift in Sources */,
				4EBFF99E1C2ED2640017E82D /* Photo.swift in Sources */,
				4EBFF99C1C2ED1E20017E82D /* Place.swift in Sources */,
				4EBFF9911C2E9AAA0017E82D /* PhotoGallery.xcdatamodel in Sources */,
				4EBFF9AC1C2EDE050017E82D /* RequestRouter.swift in Sources */,
				4EBFF9941C2E9B1B0017E82D /* CustomFlickerCell.swift in Sources */,
				4EBFF9B91C2FE29A0017E82D /* LocationHandler.swift in Sources */,
				4EBFF98A1C2E99E80017E82D /* PhotoViewController.swift in Sources */,
				4EBFF9B21C2F16790017E82D /* PreviewViewController.swift in Sources */,
				4EBFF9A91C2EDE050017E82D /* APIError.swift in Sources */,
				4EBFF9BB1C30EC8B0017E82D /* Reachability.swift in Sources */,
			);
			runOnlyForDeploymentPostprocessing = 0;
		};
/* End PBXSourcesBuildPhase section */

/* Begin PBXVariantGroup section */
		4E2A59C81C2E8FCD00AE35A4 /* Main.storyboard */ = {
			isa = PBXVariantGroup;
			children = (
				4E2A59C91C2E8FCD00AE35A4 /* Base */,
			);
			name = Main.storyboard;
			sourceTree = "<group>";
		};
		4E2A59D01C2E8FCD00AE35A4 /* LaunchScreen.storyboard */ = {
			isa = PBXVariantGroup;
			children = (
				4E2A59D11C2E8FCD00AE35A4 /* Base */,
			);
			name = LaunchScreen.storyboard;
			sourceTree = "<group>";
		};
/* End PBXVariantGroup section */

/* Begin XCBuildConfiguration section */
		4E2A59D41C2E8FCD00AE35A4 /* Debug */ = {
			isa = XCBuildConfiguration;
			buildSettings = {
				ALWAYS_SEARCH_USER_PATHS = NO;
				CLANG_CXX_LANGUAGE_STANDARD = "gnu++0x";
				CLANG_CXX_LIBRARY = "libc++";
				CLANG_ENABLE_MODULES = YES;
				CLANG_ENABLE_OBJC_ARC = YES;
				CLANG_WARN_BOOL_CONVERSION = YES;
				CLANG_WARN_CONSTANT_CONVERSION = YES;
				CLANG_WARN_DIRECT_OBJC_ISA_USAGE = YES_ERROR;
				CLANG_WARN_EMPTY_BODY = YES;
				CLANG_WARN_ENUM_CONVERSION = YES;
				CLANG_WARN_INT_CONVERSION = YES;
				CLANG_WARN_OBJC_ROOT_CLASS = YES_ERROR;
				CLANG_WARN_UNREACHABLE_CODE = YES;
				CLANG_WARN__DUPLICATE_METHOD_MATCH = YES;
				"CODE_SIGN_IDENTITY[sdk=iphoneos*]" = "iPhone Developer";
				COPY_PHASE_STRIP = NO;
				DEBUG_INFORMATION_FORMAT = dwarf;
				ENABLE_STRICT_OBJC_MSGSEND = YES;
				ENABLE_TESTABILITY = YES;
				GCC_C_LANGUAGE_STANDARD = gnu99;
				GCC_DYNAMIC_NO_PIC = NO;
				GCC_NO_COMMON_BLOCKS = YES;
				GCC_OPTIMIZATION_LEVEL = 0;
				GCC_PREPROCESSOR_DEFINITIONS = (
					"DEBUG=1",
					"$(inherited)",
				);
				GCC_WARN_64_TO_32_BIT_CONVERSION = YES;
				GCC_WARN_ABOUT_RETURN_TYPE = YES_ERROR;
				GCC_WARN_UNDECLARED_SELECTOR = YES;
				GCC_WARN_UNINITIALIZED_AUTOS = YES_AGGRESSIVE;
				GCC_WARN_UNUSED_FUNCTION = YES;
				GCC_WARN_UNUSED_VARIABLE = YES;
				IPHONEOS_DEPLOYMENT_TARGET = 9.1;
				MTL_ENABLE_DEBUG_INFO = YES;
				ONLY_ACTIVE_ARCH = YES;
				SDKROOT = iphoneos;
				SWIFT_OPTIMIZATION_LEVEL = "-Onone";
				TARGETED_DEVICE_FAMILY = "1,2";
			};
			name = Debug;
		};
		4E2A59D51C2E8FCD00AE35A4 /* Release */ = {
			isa = XCBuildConfiguration;
			buildSettings = {
				ALWAYS_SEARCH_USER_PATHS = NO;
				CLANG_CXX_LANGUAGE_STANDARD = "gnu++0x";
				CLANG_CXX_LIBRARY = "libc++";
				CLANG_ENABLE_MODULES = YES;
				CLANG_ENABLE_OBJC_ARC = YES;
				CLANG_WARN_BOOL_CONVERSION = YES;
				CLANG_WARN_CONSTANT_CONVERSION = YES;
				CLANG_WARN_DIRECT_OBJC_ISA_USAGE = YES_ERROR;
				CLANG_WARN_EMPTY_BODY = YES;
				CLANG_WARN_ENUM_CONVERSION = YES;
				CLANG_WARN_INT_CONVERSION = YES;
				CLANG_WARN_OBJC_ROOT_CLASS = YES_ERROR;
				CLANG_WARN_UNREACHABLE_CODE = YES;
				CLANG_WARN__DUPLICATE_METHOD_MATCH = YES;
				"CODE_SIGN_IDENTITY[sdk=iphoneos*]" = "iPhone Developer";
				COPY_PHASE_STRIP = NO;
				DEBUG_INFORMATION_FORMAT = "dwarf-with-dsym";
				ENABLE_NS_ASSERTIONS = NO;
				ENABLE_STRICT_OBJC_MSGSEND = YES;
				GCC_C_LANGUAGE_STANDARD = gnu99;
				GCC_NO_COMMON_BLOCKS = YES;
				GCC_WARN_64_TO_32_BIT_CONVERSION = YES;
				GCC_WARN_ABOUT_RETURN_TYPE = YES_ERROR;
				GCC_WARN_UNDECLARED_SELECTOR = YES;
				GCC_WARN_UNINITIALIZED_AUTOS = YES_AGGRESSIVE;
				GCC_WARN_UNUSED_FUNCTION = YES;
				GCC_WARN_UNUSED_VARIABLE = YES;
				IPHONEOS_DEPLOYMENT_TARGET = 9.1;
				MTL_ENABLE_DEBUG_INFO = NO;
				SDKROOT = iphoneos;
				TARGETED_DEVICE_FAMILY = "1,2";
				VALIDATE_PRODUCT = YES;
			};
			name = Release;
		};
		4E2A59D71C2E8FCD00AE35A4 /* Debug */ = {
			isa = XCBuildConfiguration;
			baseConfigurationReference = 04FD5C0AF278CB6FC95DEB36 /* Pods.debug.xcconfig */;
			buildSettings = {
				ASSETCATALOG_COMPILER_APPICON_NAME = AppIcon;
				CLANG_ENABLE_MODULES = YES;
				INFOPLIST_FILE = PhotoGallery/Info.plist;
				LD_RUNPATH_SEARCH_PATHS = "$(inherited) @executable_path/Frameworks";
				PRODUCT_BUNDLE_IDENTIFIER = com.Ashutosh.PhotoGallery;
				PRODUCT_NAME = "$(TARGET_NAME)";
				SWIFT_OBJC_BRIDGING_HEADER = "PhotoGallery/PhotoGallery-Bridging-Header.h";
				SWIFT_OPTIMIZATION_LEVEL = "-Onone";
			};
			name = Debug;
		};
		4E2A59D81C2E8FCD00AE35A4 /* Release */ = {
			isa = XCBuildConfiguration;
			baseConfigurationReference = E6878EAB919384D817E7D439 /* Pods.release.xcconfig */;
			buildSettings = {
				ASSETCATALOG_COMPILER_APPICON_NAME = AppIcon;
				CLANG_ENABLE_MODULES = YES;
				INFOPLIST_FILE = PhotoGallery/Info.plist;
				LD_RUNPATH_SEARCH_PATHS = "$(inherited) @executable_path/Frameworks";
				PRODUCT_BUNDLE_IDENTIFIER = com.Ashutosh.PhotoGallery;
				PRODUCT_NAME = "$(TARGET_NAME)";
				SWIFT_OBJC_BRIDGING_HEADER = "PhotoGallery/PhotoGallery-Bridging-Header.h";
			};
			name = Release;
		};
/* End XCBuildConfiguration section */

/* Begin XCConfigurationList section */
		4E2A59BC1C2E8FCC00AE35A4 /* Build configuration list for PBXProject "PhotoGallery" */ = {
			isa = XCConfigurationList;
			buildConfigurations = (
				4E2A59D41C2E8FCD00AE35A4 /* Debug */,
				4E2A59D51C2E8FCD00AE35A4 /* Release */,
			);
			defaultConfigurationIsVisible = 0;
			defaultConfigurationName = Release;
		};
		4E2A59D61C2E8FCD00AE35A4 /* Build configuration list for PBXNativeTarget "PhotoGallery" */ = {
			isa = XCConfigurationList;
			buildConfigurations = (
				4E2A59D71C2E8FCD00AE35A4 /* Debug */,
				4E2A59D81C2E8FCD00AE35A4 /* Release */,
			);
			defaultConfigurationIsVisible = 0;
			defaultConfigurationName = Release;
		};
/* End XCConfigurationList section */
	};
	rootObject = 4E2A59B91C2E8FCC00AE35A4 /* Project object */;
}
